{
  "name": "@liti/init",
  "version": "1.0.0",
  "lockfileVersion": 2,
  "requires": true,
  "packages": {
    "": {
      "name": "@liti/init",
      "version": "1.0.0",
      "license": "ISC",
      "dependencies": {
        "@liti/command": "file:../../models/command",
        "@liti/log": "file:../../utils/log"
      }
    },
    "../../models/command": {
      "name": "@liti/command",
      "version": "1.0.0",
      "license": "ISC",
      "dependencies": {
        "@liti/constants": "file:../../utils/constants",
        "@liti/log": "file:../../utils/log",
        "@liti/utils": "file:../../utils/utils",
        "colors": "^1.4.0",
        "semver": "^7.3.5"
      }
    },
    "../../utils/log": {
      "version": "1.0.0",
      "license": "ISC",
      "dependencies": {
        "npmlog": "^4.1.2"
      }
    },
    "node_modules/@liti/command": {
      "resolved": "../../models/command",
      "link": true
    },
    "node_modules/@liti/log": {
      "resolved": "../../utils/log",
      "link": true
    }
  },
  "dependencies": {
    "@liti/command": {
      "version": "file:../../models/command",
      "requires": {
        "@liti/constants": "file:../../utils/constants",
        "@liti/log": "file:../../utils/log",
        "@liti/utils": "file:../../utils/utils",
        "colors": "^1.4.0",
        "semver": "^7.3.5"
      }
    },
    "@liti/log": {
      "version": "file:../../utils/log",
      "requires": {
        "npmlog": "^4.1.2"
      }
    }
  }
}
