{
  "name": "@liti/exec",
  "version": "1.0.0",
  "lockfileVersion": 2,
  "requires": true,
  "packages": {
    "": {
      "name": "@liti/exec",
      "version": "1.0.0",
      "license": "ISC",
      "dependencies": {
        "@liti/constants": "file:../../utils/constants",
        "@liti/log": "file:../../utils/log",
        "@liti/package": "file:../../models/package",
        "@liti/utils": "file:../../utils/utils"
      }
    },
    "../../models/package": {
      "name": "@liti/package",
      "version": "1.0.0",
      "license": "ISC",
      "dependencies": {
        "@liti/constants": "file:../../utils/constants",
        "@liti/format-path": "file:../../utils/format-path",
        "@liti/get-npm-info": "file:../../utils/get-npm-info",
        "@liti/log": "file:../../utils/log",
        "@liti/utils": "file:../../utils/utils",
        "fs-extra": "^7.0.1",
        "npminstall": "^4.11.0",
        "path-exists": "^4.0.0",
        "pkg-dir": "^5.0.0"
      }
    },
    "../../utils/constants": {
      "name": "@liti/constants",
      "version": "1.0.0",
      "license": "ISC"
    },
    "../../utils/log": {
      "name": "@liti/log",
      "version": "1.0.0",
      "license": "ISC",
      "dependencies": {
        "npmlog": "^4.1.2"
      }
    },
    "../../utils/utils": {
      "name": "@liti/utils",
      "version": "1.0.0",
      "license": "ISC",
      "dependencies": {
        "cli-spinner": "^0.2.10"
      }
    },
    "node_modules/@liti/constants": {
      "resolved": "../../utils/constants",
      "link": true
    },
    "node_modules/@liti/log": {
      "resolved": "../../utils/log",
      "link": true
    },
    "node_modules/@liti/package": {
      "resolved": "../../models/package",
      "link": true
    },
    "node_modules/@liti/utils": {
      "resolved": "../../utils/utils",
      "link": true
    }
  },
  "dependencies": {
    "@liti/constants": {
      "version": "file:../../utils/constants"
    },
    "@liti/log": {
      "version": "file:../../utils/log",
      "requires": {
        "npmlog": "^4.1.2"
      }
    },
    "@liti/package": {
      "version": "file:../../models/package",
      "requires": {
        "@liti/constants": "file:../../utils/constants",
        "@liti/format-path": "file:../../utils/format-path",
        "@liti/get-npm-info": "file:../../utils/get-npm-info",
        "@liti/log": "file:../../utils/log",
        "@liti/utils": "file:../../utils/utils",
        "fs-extra": "^7.0.1",
        "npminstall": "^4.11.0",
        "path-exists": "^4.0.0",
        "pkg-dir": "^5.0.0"
      }
    },
    "@liti/utils": {
      "version": "file:../../utils/utils",
      "requires": {
        "cli-spinner": "^0.2.10"
      }
    }
  }
}
